
Microsoft Visual Studio Solution File, Format Version 12.00
# Visual Studio Version 16
VisualStudioVersion = 16.0.30621.155
MinimumVisualStudioVersion = 10.0.40219.1
Project("{FAE04EC0-301F-11D3-BF4B-00C04F79EFBC}") = "AdapterPattern", "AdapterPattern.csproj", "{2CE7E36D-0228-41B8-809C-DC59625139AF}"
EndProject
Global
	GlobalSection(SolutionConfigurationPlatforms) = preSolution
		Debug|Any CPU = Debug|Any CPU
		Release|Any CPU = Release|Any CPU
	EndGlobalSection
	GlobalSection(ProjectConfigurationPlatforms) = postSolution
		{2CE7E36D-0228-41B8-809C-DC59625139AF}.Debug|Any CPU.ActiveCfg = Debug|Any CPU
		{2CE7E36D-0228-41B8-809C-DC59625139AF}.Debug|Any CPU.Build.0 = Debug|Any CPU
		{2CE7E36D-0228-41B8-809C-DC59625139AF}.Release|Any CPU.ActiveCfg = Release|Any CPU
		{2CE7E36D-0228-41B8-809C-DC59625139AF}.Release|Any CPU.Build.0 = Release|Any CPU
	EndGlobalSection
	GlobalSection(SolutionProperties) = preSolution
		HideSolutionNode = FALSE
	EndGlobalSection
	GlobalSection(ExtensibilityGlobals) = postSolution
		SolutionGuid = {0EF96835-6D8F-45A0-8E89-9312CAACC3D0}
	EndGlobalSection
EndGlobal
